
Microsoft Visual Studio Solution File, Format Version 12.00
# Visual Studio 15
VisualStudioVersion = 15.0.28307.329
MinimumVisualStudioVersion = 10.0.40219.1
Project("{FAE04EC0-301F-11D3-BF4B-00C04F79EFBC}") = "Barbershop", "Barbershop\Barbershop.csproj", "{A7BCE0E6-E0B4-4B45-AF53-0D542387DB77}"
EndProject
Global
	GlobalSection(SolutionConfigurationPlatforms) = preSolution
		Debug|Any CPU = Debug|Any CPU
		Release|Any CPU = Release|Any CPU
	EndGlobalSection
	GlobalSection(ProjectConfigurationPlatforms) = postSolution
		{A7BCE0E6-E0B4-4B45-AF53-0D542387DB77}.Debug|Any CPU.ActiveCfg = Debug|Any CPU
		{A7BCE0E6-E0B4-4B45-AF53-0D542387DB77}.Debug|Any CPU.Build.0 = Debug|Any CPU
		{A7BCE0E6-E0B4-4B45-AF53-0D542387DB77}.Release|Any CPU.ActiveCfg = Release|Any CPU
		{A7BCE0E6-E0B4-4B45-AF53-0D542387DB77}.Release|Any CPU.Build.0 = Release|Any CPU
	EndGlobalSection
	GlobalSection(SolutionProperties) = preSolution
		HideSolutionNode = FALSE
	EndGlobalSection
	GlobalSection(ExtensibilityGlobals) = postSolution
		SolutionGuid = {D36A6F9F-5981-4D85-9443-6CB360D834BA}
	EndGlobalSection
EndGlobal
